// !$*UTF8*$!
{
	archiveVersion = 1;
	classes = {
	};
	objectVersion = 56;
	objects = {

/* Begin PBXBuildFile section */
		03728B492949E210004962E1 /* NetworkManager.swift in Sources */ = {isa = PBXBuildFile; fileRef = 03728B482949E210004962E1 /* NetworkManager.swift */; };
		03728B4B2949E224004962E1 /* LoginViewController.swift in Sources */ = {isa = PBXBuildFile; fileRef = 03728B4A2949E224004962E1 /* LoginViewController.swift */; };
		03BC437F294748ED001B9121 /* Validator.docc in Sources */ = {isa = PBXBuildFile; fileRef = 03BC437E294748ED001B9121 /* Validator.docc */; };
		03BC4385294748ED001B9121 /* Validator.framework in Frameworks */ = {isa = PBXBuildFile; fileRef = 03BC437A294748ED001B9121 /* Validator.framework */; };
		03BC438A294748ED001B9121 /* ValidatorTests.swift in Sources */ = {isa = PBXBuildFile; fileRef = 03BC4389294748ED001B9121 /* ValidatorTests.swift */; };
		03BC438B294748ED001B9121 /* Validator.h in Headers */ = {isa = PBXBuildFile; fileRef = 03BC437D294748ED001B9121 /* Validator.h */; settings = {ATTRIBUTES = (Public, ); }; };
		03BC439529474EC6001B9121 /* Validator.swift in Sources */ = {isa = PBXBuildFile; fileRef = 03BC439429474EC6001B9121 /* Validator.swift */; };
/* End PBXBuildFile section */

/* Begin PBXContainerItemProxy section */
		03BC4386294748ED001B9121 /* PBXContainerItemProxy */ = {
			isa = PBXContainerItemProxy;
			containerPortal = 03BC4371294748ED001B9121 /* Project object */;
			proxyType = 1;
			remoteGlobalIDString = 03BC4379294748ED001B9121;
			remoteInfo = Validator;
		};
/* End PBXContainerItemProxy section */

/* Begin PBXFileReference section */
		03728B482949E210004962E1 /* NetworkManager.swift */ = {isa = PBXFileReference; fileEncoding = 4; lastKnownFileType = sourcecode.swift; path = NetworkManager.swift; sourceTree = "<group>"; };
		03728B4A2949E224004962E1 /* LoginViewController.swift */ = {isa = PBXFileReference; fileEncoding = 4; lastKnownFileType = sourcecode.swift; path = LoginViewController.swift; sourceTree = "<group>"; };
		03BC437A294748ED001B9121 /* Validator.framework */ = {isa = PBXFileReference; explicitFileType = wrapper.framework; includeInIndex = 0; path = Validator.framework; sourceTree = BUILT_PRODUCTS_DIR; };
		03BC437D294748ED001B9121 /* Validator.h */ = {isa = PBXFileReference; lastKnownFileType = sourcecode.c.h; path = Validator.h; sourceTree = "<group>"; };
		03BC437E294748ED001B9121 /* Validator.docc */ = {isa = PBXFileReference; lastKnownFileType = folder.documentationcatalog; path = Validator.docc; sourceTree = "<group>"; };
		03BC4384294748ED001B9121 /* ValidatorTests.xctest */ = {isa = PBXFileReference; explicitFileType = wrapper.cfbundle; includeInIndex = 0; path = ValidatorTests.xctest; sourceTree = BUILT_PRODUCTS_DIR; };
		03BC4389294748ED001B9121 /* ValidatorTests.swift */ = {isa = PBXFileReference; lastKnownFileType = sourcecode.swift; path = ValidatorTests.swift; sourceTree = "<group>"; };
		03BC439429474EC6001B9121 /* Validator.swift */ = {isa = PBXFileReference; fileEncoding = 4; lastKnownFileType = sourcecode.swift; path = Validator.swift; sourceTree = "<group>"; };
		03BC439729474F2E001B9121 /* XCTest.framework */ = {isa = PBXFileReference; lastKnownFileType = wrapper.framework; name = XCTest.framework; path = Platforms/iPhoneOS.platform/Developer/Library/Frameworks/XCTest.framework; sourceTree = DEVELOPER_DIR; };
/* End PBXFileReference section */

/* Begin PBXFrameworksBuildPhase section */
		03BC4377294748ED001B9121 /* Frameworks */ = {
			isa = PBXFrameworksBuildPhase;
			buildActionMask = 2147483647;
			files = (
			);
			runOnlyForDeploymentPostprocessing = 0;
		};
		03BC4381294748ED001B9121 /* Frameworks */ = {
			isa = PBXFrameworksBuildPhase;
			buildActionMask = 2147483647;
			files = (
				03BC4385294748ED001B9121 /* Validator.framework in Frameworks */,
			);
			runOnlyForDeploymentPostprocessing = 0;
		};
/* End PBXFrameworksBuildPhase section */

/* Begin PBXGroup section */
		03BC4370294748ED001B9121 = {
			isa = PBXGroup;
			children = (
				03BC437C294748ED001B9121 /* Validator */,
				03BC4388294748ED001B9121 /* ValidatorTests */,
				03BC437B294748ED001B9121 /* Products */,
				03BC439629474F2E001B9121 /* Frameworks */,
				E94C6A0D304DE0CC12707134 /* Pods */,
			);
			sourceTree = "<group>";
		};
		03BC437B294748ED001B9121 /* Products */ = {
			isa = PBXGroup;
			children = (
				03BC437A294748ED001B9121 /* Validator.framework */,
				03BC4384294748ED001B9121 /* ValidatorTests.xctest */,
			);
			name = Products;
			sourceTree = "<group>";
		};
		03BC437C294748ED001B9121 /* Validator */ = {
			isa = PBXGroup;
			children = (
				03BC437D294748ED001B9121 /* Validator.h */,
				03BC439429474EC6001B9121 /* Validator.swift */,
				03728B4A2949E224004962E1 /* LoginViewController.swift */,
				03728B482949E210004962E1 /* NetworkManager.swift */,
				03BC437E294748ED001B9121 /* Validator.docc */,
			);
			path = Validator;
			sourceTree = "<group>";
		};
		03BC4388294748ED001B9121 /* ValidatorTests */ = {
			isa = PBXGroup;
			children = (
				03BC4389294748ED001B9121 /* ValidatorTests.swift */,
			);
			path = ValidatorTests;
			sourceTree = "<group>";
		};
		03BC439629474F2E001B9121 /* Frameworks */ = {
			isa = PBXGroup;
			children = (
				03BC439729474F2E001B9121 /* XCTest.framework */,
			);
			name = Frameworks;
			sourceTree = "<group>";
		};
		E94C6A0D304DE0CC12707134 /* Pods */ = {
			isa = PBXGroup;
			children = (
			);
			path = Pods;
			sourceTree = "<group>";
		};
/* End PBXGroup section */

/* Begin PBXHeadersBuildPhase section */
		03BC4375294748ED001B9121 /* Headers */ = {
			isa = PBXHeadersBuildPhase;
			buildActionMask = 2147483647;
			files = (
				03BC438B294748ED001B9121 /* Validator.h in Headers */,
			);
			runOnlyForDeploymentPostprocessing = 0;
		};
/* End PBXHeadersBuildPhase section */

/* Begin PBXNativeTarget section */
		03BC4379294748ED001B9121 /* Validator */ = {
			isa = PBXNativeTarget;
			buildConfigurationList = 03BC438E294748ED001B9121 /* Build configuration list for PBXNativeTarget "Validator" */;
			buildPhases = (
				03BC4375294748ED001B9121 /* Headers */,
				03BC4376294748ED001B9121 /* Sources */,
				03BC4377294748ED001B9121 /* Frameworks */,
				03BC4378294748ED001B9121 /* Resources */,
			);
			buildRules = (
			);
			dependencies = (
			);
			name = Validator;
			productName = Validator;
			productReference = 03BC437A294748ED001B9121 /* Validator.framework */;
			productType = "com.apple.product-type.framework";
		};
		03BC4383294748ED001B9121 /* ValidatorTests */ = {
			isa = PBXNativeTarget;
			buildConfigurationList = 03BC4391294748ED001B9121 /* Build configuration list for PBXNativeTarget "ValidatorTests" */;
			buildPhases = (
				03BC4380294748ED001B9121 /* Sources */,
				03BC4381294748ED001B9121 /* Frameworks */,
				03BC4382294748ED001B9121 /* Resources */,
			);
			buildRules = (
			);
			dependencies = (
				03BC4387294748ED001B9121 /* PBXTargetDependency */,
			);
			name = ValidatorTests;
			productName = ValidatorTests;
			productReference = 03BC4384294748ED001B9121 /* ValidatorTests.xctest */;
			productType = "com.apple.product-type.bundle.unit-test";
		};
/* End PBXNativeTarget section */

/* Begin PBXProject section */
		03BC4371294748ED001B9121 /* Project object */ = {
			isa = PBXProject;
			attributes = {
				BuildIndependentTargetsInParallel = 1;
				LastSwiftUpdateCheck = 1410;
				LastUpgradeCheck = 1410;
				TargetAttributes = {
					03BC4379294748ED001B9121 = {
						CreatedOnToolsVersion = 14.1;
					};
					03BC4383294748ED001B9121 = {
						CreatedOnToolsVersion = 14.1;
					};
				};
			};
			buildConfigurationList = 03BC4374294748ED001B9121 /* Build configuration list for PBXProject "Validator" */;
			compatibilityVersion = "Xcode 14.0";
			developmentRegion = en;
			hasScannedForEncodings = 0;
			knownRegions = (
				en,
				Base,
			);
			mainGroup = 03BC4370294748ED001B9121;
			productRefGroup = 03BC437B294748ED001B9121 /* Products */;
			projectDirPath = "";
			projectRoot = "";
			targets = (
				03BC4379294748ED001B9121 /* Validator */,
				03BC4383294748ED001B9121 /* ValidatorTests */,
			);
		};
/* End PBXProject section */

/* Begin PBXResourcesBuildPhase section */
		03BC4378294748ED001B9121 /* Resources */ = {
			isa = PBXResourcesBuildPhase;
			buildActionMask = 2147483647;
			files = (
			);
			runOnlyForDeploymentPostprocessing = 0;
		};
		03BC4382294748ED001B9121 /* Resources */ = {
			isa = PBXResourcesBuildPhase;
			buildActionMask = 2147483647;
			files = (
			);
			runOnlyForDeploymentPostprocessing = 0;
		};
/* End PBXResourcesBuildPhase section */

/* Begin PBXSourcesBuildPhase section */
		03BC4376294748ED001B9121 /* Sources */ = {
			isa = PBXSourcesBuildPhase;
			buildActionMask = 2147483647;
			files = (
				03728B4B2949E224004962E1 /* LoginViewController.swift in Sources */,
				03728B492949E210004962E1 /* NetworkManager.swift in Sources */,
				03BC439529474EC6001B9121 /* Validator.swift in Sources */,
				03BC437F294748ED001B9121 /* Validator.docc in Sources */,
			);
			runOnlyForDeploymentPostprocessing = 0;
		};
		03BC4380294748ED001B9121 /* Sources */ = {
			isa = PBXSourcesBuildPhase;
			buildActionMask = 2147483647;
			files = (
				03BC438A294748ED001B9121 /* ValidatorTests.swift in Sources */,
			);
			runOnlyForDeploymentPostprocessing = 0;
		};
/* End PBXSourcesBuildPhase section */

/* Begin PBXTargetDependency section */
		03BC4387294748ED001B9121 /* PBXTargetDependency */ = {
			isa = PBXTargetDependency;
			target = 03BC4379294748ED001B9121 /* Validator */;
			targetProxy = 03BC4386294748ED001B9121 /* PBXContainerItemProxy */;
		};
/* End PBXTargetDependency section */

/* Begin XCBuildConfiguration section */
		03BC438C294748ED001B9121 /* Debug */ = {
			isa = XCBuildConfiguration;
			buildSettings = {
				ALWAYS_SEARCH_USER_PATHS = NO;
				CLANG_ANALYZER_NONNULL = YES;
				CLANG_ANALYZER_NUMBER_OBJECT_CONVERSION = YES_AGGRESSIVE;
				CLANG_CXX_LANGUAGE_STANDARD = "gnu++20";
				CLANG_ENABLE_MODULES = YES;
				CLANG_ENABLE_OBJC_ARC = YES;
				CLANG_ENABLE_OBJC_WEAK = YES;
				CLANG_WARN_BLOCK_CAPTURE_AUTORELEASING = YES;
				CLANG_WARN_BOOL_CONVERSION = YES;
				CLANG_WARN_COMMA = YES;
				CLANG_WARN_CONSTANT_CONVERSION = YES;
				CLANG_WARN_DEPRECATED_OBJC_IMPLEMENTATIONS = YES;
				CLANG_WARN_DIRECT_OBJC_ISA_USAGE = YES_ERROR;
				CLANG_WARN_DOCUMENTATION_COMMENTS = YES;
				CLANG_WARN_EMPTY_BODY = YES;
				CLANG_WARN_ENUM_CONVERSION = YES;
				CLANG_WARN_INFINITE_RECURSION = YES;
				CLANG_WARN_INT_CONVERSION = YES;
				CLANG_WARN_NON_LITERAL_NULL_CONVERSION = YES;
				CLANG_WARN_OBJC_IMPLICIT_RETAIN_SELF = YES;
				CLANG_WARN_OBJC_LITERAL_CONVERSION = YES;
				CLANG_WARN_OBJC_ROOT_CLASS = YES_ERROR;
				CLANG_WARN_QUOTED_INCLUDE_IN_FRAMEWORK_HEADER = YES;
				CLANG_WARN_RANGE_LOOP_ANALYSIS = YES;
				CLANG_WARN_STRICT_PROTOTYPES = YES;
				CLANG_WARN_SUSPICIOUS_MOVE = YES;
				CLANG_WARN_UNGUARDED_AVAILABILITY = YES_AGGRESSIVE;
				CLANG_WARN_UNREACHABLE_CODE = YES;
				CLANG_WARN__DUPLICATE_METHOD_MATCH = YES;
				COPY_PHASE_STRIP = NO;
				CURRENT_PROJECT_VERSION = 1;
				DEBUG_INFORMATION_FORMAT = dwarf;
				ENABLE_STRICT_OBJC_MSGSEND = YES;
				ENABLE_TESTABILITY = YES;
				GCC_C_LANGUAGE_STANDARD = gnu11;
				GCC_DYNAMIC_NO_PIC = NO;
				GCC_NO_COMMON_BLOCKS = YES;
				GCC_OPTIMIZATION_LEVEL = 0;
				GCC_PREPROCESSOR_DEFINITIONS = (
					"DEBUG=1",
					"$(inherited)",
				);
				GCC_WARN_64_TO_32_BIT_CONVERSION = YES;
				GCC_WARN_ABOUT_RETURN_TYPE = YES_ERROR;
				GCC_WARN_UNDECLARED_SELECTOR = YES;
				GCC_WARN_UNINITIALIZED_AUTOS = YES_AGGRESSIVE;
				GCC_WARN_UNUSED_FUNCTION = YES;
				GCC_WARN_UNUSED_VARIABLE = YES;
				IPHONEOS_DEPLOYMENT_TARGET = 16.1;
				MTL_ENABLE_DEBUG_INFO = INCLUDE_SOURCE;
				MTL_FAST_MATH = YES;
				ONLY_ACTIVE_ARCH = YES;
				SDKROOT = iphoneos;
				SWIFT_ACTIVE_COMPILATION_CONDITIONS = DEBUG;
				SWIFT_OPTIMIZATION_LEVEL = "-Onone";
				VERSIONING_SYSTEM = "apple-generic";
				VERSION_INFO_PREFIX = "";
			};
			name = Debug;
		};
		03BC438D294748ED001B9121 /* Release */ = {
			isa = XCBuildConfiguration;
			buildSettings = {
				ALWAYS_SEARCH_USER_PATHS = NO;
				CLANG_ANALYZER_NONNULL = YES;
				CLANG_ANALYZER_NUMBER_OBJECT_CONVERSION = YES_AGGRESSIVE;
				CLANG_CXX_LANGUAGE_STANDARD = "gnu++20";
				CLANG_ENABLE_MODULES = YES;
				CLANG_ENABLE_OBJC_ARC = YES;
				CLANG_ENABLE_OBJC_WEAK = YES;
				CLANG_WARN_BLOCK_CAPTURE_AUTORELEASING = YES;
				CLANG_WARN_BOOL_CONVERSION = YES;
				CLANG_WARN_COMMA = YES;
				CLANG_WARN_CONSTANT_CONVERSION = YES;
				CLANG_WARN_DEPRECATED_OBJC_IMPLEMENTATIONS = YES;
				CLANG_WARN_DIRECT_OBJC_ISA_USAGE = YES_ERROR;
				CLANG_WARN_DOCUMENTATION_COMMENTS = YES;
				CLANG_WARN_EMPTY_BODY = YES;
				CLANG_WARN_ENUM_CONVERSION = YES;
				CLANG_WARN_INFINITE_RECURSION = YES;
				CLANG_WARN_INT_CONVERSION = YES;
				CLANG_WARN_NON_LITERAL_NULL_CONVERSION = YES;
				CLANG_WARN_OBJC_IMPLICIT_RETAIN_SELF = YES;
				CLANG_WARN_OBJC_LITERAL_CONVERSION = YES;
				CLANG_WARN_OBJC_ROOT_CLASS = YES_ERROR;
				CLANG_WARN_QUOTED_INCLUDE_IN_FRAMEWORK_HEADER = YES;
				CLANG_WARN_RANGE_LOOP_ANALYSIS = YES;
				CLANG_WARN_STRICT_PROTOTYPES = YES;
				CLANG_WARN_SUSPICIOUS_MOVE = YES;
				CLANG_WARN_UNGUARDED_AVAILABILITY = YES_AGGRESSIVE;
				CLANG_WARN_UNREACHABLE_CODE = YES;
				CLANG_WARN__DUPLICATE_METHOD_MATCH = YES;
				COPY_PHASE_STRIP = NO;
				CURRENT_PROJECT_VERSION = 1;
				DEBUG_INFORMATION_FORMAT = "dwarf-with-dsym";
				ENABLE_NS_ASSERTIONS = NO;
				ENABLE_STRICT_OBJC_MSGSEND = YES;
				GCC_C_LANGUAGE_STANDARD = gnu11;
				GCC_NO_COMMON_BLOCKS = YES;
				GCC_WARN_64_TO_32_BIT_CONVERSION = YES;
				GCC_WARN_ABOUT_RETURN_TYPE = YES_ERROR;
				GCC_WARN_UNDECLARED_SELECTOR = YES;
				GCC_WARN_UNINITIALIZED_AUTOS = YES_AGGRESSIVE;
				GCC_WARN_UNUSED_FUNCTION = YES;
				GCC_WARN_UNUSED_VARIABLE = YES;
				IPHONEOS_DEPLOYMENT_TARGET = 16.1;
				MTL_ENABLE_DEBUG_INFO = NO;
				MTL_FAST_MATH = YES;
				SDKROOT = iphoneos;
				SWIFT_COMPILATION_MODE = wholemodule;
				SWIFT_OPTIMIZATION_LEVEL = "-O";
				VALIDATE_PRODUCT = YES;
				VERSIONING_SYSTEM = "apple-generic";
				VERSION_INFO_PREFIX = "";
			};
			name = Release;
		};
		03BC438F294748ED001B9121 /* Debug */ = {
			isa = XCBuildConfiguration;
			buildSettings = {
				BUILD_LIBRARY_FOR_DISTRIBUTION = YES;
				CODE_SIGN_STYLE = Automatic;
				CURRENT_PROJECT_VERSION = 1;
				DEFINES_MODULE = YES;
				DEVELOPMENT_TEAM = 3CMZ83JQ6G;
				DYLIB_COMPATIBILITY_VERSION = 1;
				DYLIB_CURRENT_VERSION = 1;
				DYLIB_INSTALL_NAME_BASE = "@rpath";
				GENERATE_INFOPLIST_FILE = YES;
				INFOPLIST_KEY_NSHumanReadableCopyright = "";
				INSTALL_PATH = "$(LOCAL_LIBRARY_DIR)/Frameworks";
				LD_RUNPATH_SEARCH_PATHS = (
					"$(inherited)",
					"@executable_path/Frameworks",
					"@loader_path/Frameworks",
				);
				MARKETING_VERSION = 1.0;
				PRODUCT_BUNDLE_IDENTIFIER = com.wsc.Validator;
				PRODUCT_NAME = "$(TARGET_NAME:c99extidentifier)";
				SKIP_INSTALL = YES;
				SWIFT_EMIT_LOC_STRINGS = YES;
				SWIFT_VERSION = 5.0;
				TARGETED_DEVICE_FAMILY = "1,2";
			};
			name = Debug;
		};
		03BC4390294748ED001B9121 /* Release */ = {
			isa = XCBuildConfiguration;
			buildSettings = {
				BUILD_LIBRARY_FOR_DISTRIBUTION = YES;
				CODE_SIGN_STYLE = Automatic;
				CURRENT_PROJECT_VERSION = 1;
				DEFINES_MODULE = YES;
				DEVELOPMENT_TEAM = 3CMZ83JQ6G;
				DYLIB_COMPATIBILITY_VERSION = 1;
				DYLIB_CURRENT_VERSION = 1;
				DYLIB_INSTALL_NAME_BASE = "@rpath";
				GENERATE_INFOPLIST_FILE = YES;
				INFOPLIST_KEY_NSHumanReadableCopyright = "";
				INSTALL_PATH = "$(LOCAL_LIBRARY_DIR)/Frameworks";
				LD_RUNPATH_SEARCH_PATHS = (
					"$(inherited)",
					"@executable_path/Frameworks",
					"@loader_path/Frameworks",
				);
				MARKETING_VERSION = 1.0;
				PRODUCT_BUNDLE_IDENTIFIER = com.wsc.Validator;
				PRODUCT_NAME = "$(TARGET_NAME:c99extidentifier)";
				SKIP_INSTALL = YES;
				SWIFT_EMIT_LOC_STRINGS = YES;
				SWIFT_VERSION = 5.0;
				TARGETED_DEVICE_FAMILY = "1,2";
			};
			name = Release;
		};
		03BC4392294748ED001B9121 /* Debug */ = {
			isa = XCBuildConfiguration;
			buildSettings = {
				ALWAYS_EMBED_SWIFT_STANDARD_LIBRARIES = YES;
				CODE_SIGN_STYLE = Automatic;
				CURRENT_PROJECT_VERSION = 1;
				DEVELOPMENT_TEAM = 3CMZ83JQ6G;
				GENERATE_INFOPLIST_FILE = YES;
				MARKETING_VERSION = 1.0;
				PRODUCT_BUNDLE_IDENTIFIER = com.wsc.ValidatorTests;
				PRODUCT_NAME = "$(TARGET_NAME)";
				SWIFT_EMIT_LOC_STRINGS = NO;
				SWIFT_VERSION = 5.0;
				TARGETED_DEVICE_FAMILY = "1,2";
			};
			name = Debug;
		};
		03BC4393294748ED001B9121 /* Release */ = {
			isa = XCBuildConfiguration;
			buildSettings = {
				ALWAYS_EMBED_SWIFT_STANDARD_LIBRARIES = YES;
				CODE_SIGN_STYLE = Automatic;
				CURRENT_PROJECT_VERSION = 1;
				DEVELOPMENT_TEAM = 3CMZ83JQ6G;
				GENERATE_INFOPLIST_FILE = YES;
				MARKETING_VERSION = 1.0;
				PRODUCT_BUNDLE_IDENTIFIER = com.wsc.ValidatorTests;
				PRODUCT_NAME = "$(TARGET_NAME)";
				SWIFT_EMIT_LOC_STRINGS = NO;
				SWIFT_VERSION = 5.0;
				TARGETED_DEVICE_FAMILY = "1,2";
			};
			name = Release;
		};
/* End XCBuildConfiguration section */

/* Begin XCConfigurationList section */
		03BC4374294748ED001B9121 /* Build configuration list for PBXProject "Validator" */ = {
			isa = XCConfigurationList;
			buildConfigurations = (
				03BC438C294748ED001B9121 /* Debug */,
				03BC438D294748ED001B9121 /* Release */,
			);
			defaultConfigurationIsVisible = 0;
			defaultConfigurationName = Release;
		};
		03BC438E294748ED001B9121 /* Build configuration list for PBXNativeTarget "Validator" */ = {
			isa = XCConfigurationList;
			buildConfigurations = (
				03BC438F294748ED001B9121 /* Debug */,
				03BC4390294748ED001B9121 /* Release */,
			);
			defaultConfigurationIsVisible = 0;
			defaultConfigurationName = Release;
		};
		03BC4391294748ED001B9121 /* Build configuration list for PBXNativeTarget "ValidatorTests" */ = {
			isa = XCConfigurationList;
			buildConfigurations = (
				03BC4392294748ED001B9121 /* Debug */,
				03BC4393294748ED001B9121 /* Release */,
			);
			defaultConfigurationIsVisible = 0;
			defaultConfigurationName = Release;
		};
/* End XCConfigurationList section */
	};
	rootObject = 03BC4371294748ED001B9121 /* Project object */;
}
